// !$*UTF8*$!
{
	archiveVersion = 1;
	classes = {
	};
	objectVersion = 77;
	objects = {

/* Begin PBXFileReference section */
		E328C0682F6B550500BE76C4 /* dia02-Optionals.playground */ = {isa = PBXFileReference; lastKnownFileType = file.playground; path = "dia02-Optionals.playground"; sourceTree = "<group>"; xcLanguageSpecificationIdentifier = xcode.lang.swift; };
		E36CCD582F6A223A005CD90B /* Optionalss.playground */ = {isa = PBXFileReference; lastKnownFileType = file.playground; path = Optionalss.playground; sourceTree = "<group>"; xcLanguageSpecificationIdentifier = xcode.lang.swift; };
		E36CCD5A2F6A25C9005CD90B /* FIlters.playground */ = {isa = PBXFileReference; lastKnownFileType = file.playground; path = FIlters.playground; sourceTree = "<group>"; xcLanguageSpecificationIdentifier = xcode.lang.swift; };
/* End PBXFileReference section */

/* Begin PBXGroup section */
		E36CCD512F6A220B005CD90B = {
			isa = PBXGroup;
			children = (
				E36CCD582F6A223A005CD90B /* Optionalss.playground */,
				E36CCD5A2F6A25C9005CD90B /* FIlters.playground */,
				E328C0682F6B550500BE76C4 /* dia02-Optionals.playground */,
			);
			sourceTree = "<group>";
		};
/* End PBXGroup section */

/* Begin PBXProject section */
		E36CCD522F6A220B005CD90B /* Project object */ = {
			isa = PBXProject;
			attributes = {
				BuildIndependentTargetsInParallel = 1;
				LastUpgradeCheck = 2620;
			};
			buildConfigurationList = E36CCD552F6A220B005CD90B /* Build configuration list for PBXProject "SwiftLearning" */;
			developmentRegion = en;
			hasScannedForEncodings = 0;
			knownRegions = (
				en,
				Base,
			);
			mainGroup = E36CCD512F6A220B005CD90B;
			minimizedProjectReferenceProxies = 1;
			preferredProjectObjectVersion = 77;
			projectDirPath = "";
			projectRoot = "";
			targets = (
			);
		};
/* End PBXProject section */

/* Begin XCBuildConfiguration section */
		E36CCD562F6A220C005CD90B /* Debug */ = {
			isa = XCBuildConfiguration;
			buildSettings = {
				DEVELOPMENT_TEAM = MMR6RY8749;
			};
			name = Debug;
		};
		E36CCD572F6A220C005CD90B /* Release */ = {
			isa = XCBuildConfiguration;
			buildSettings = {
				DEVELOPMENT_TEAM = MMR6RY8749;
			};
			name = Release;
		};
/* End XCBuildConfiguration section */

/* Begin XCConfigurationList section */
		E36CCD552F6A220B005CD90B /* Build configuration list for PBXProject "SwiftLearning" */ = {
			isa = XCConfigurationList;
			buildConfigurations = (
				E36CCD562F6A220C005CD90B /* Debug */,
				E36CCD572F6A220C005CD90B /* Release */,
			);
			defaultConfigurationIsVisible = 0;
			defaultConfigurationName = Release;
		};
/* End XCConfigurationList section */
	};
	rootObject = E36CCD522F6A220B005CD90B /* Project object */;
}
